github.com/downflux/go-geometry v0.15.0 h1:rgx7x/t2Yo9OqhjSONhFS74QQlx/UQouEb4qmmPxM2w=
github.com/downflux/go-geometry v0.15.0/go.mod h1:ZJcto0QwYRdoIbi5G4mh5y6v2xUS+d++/cANaO1F9+8=
github.com/downflux/go-geometry v0.15.1 h1:gexcnPgdPWH6cRoD44mGcRIWzQgwHHTq1bCVRE97Iyw=
github.com/downflux/go-geometry v0.15.1/go.mod h1:ZJcto0QwYRdoIbi5G4mh5y6v2xUS+d++/cANaO1F9+8=
github.com/downflux/go-geometry v0.15.2 h1:opm0LgH8p6xIt9od3ZcDxf5HSHP/GOj937s5fUwI1cs=
github.com/downflux/go-geometry v0.15.2/go.mod h1:ZJcto0QwYRdoIbi5G4mh5y6v2xUS+d++/cANaO1F9+8=
