github.com/downflux/go-bvh v0.2.2 h1:0VFLEJKmb+eYg3Oxz27O7maoLK7nJv94DHlHc5pTjn8=
github.com/downflux/go-bvh v0.2.2/go.mod h1:A4IdDdYkX7zy0STS7KvNMGgQTpMOT3/aSJh8MkM4GLc=
github.com/downflux/go-bvh v1.0.0 h1:k5rSxBGEeuhWaW8JrxL5KF1f3fA9jaXoK1/zJLV9DK4=
github.com/downflux/go-bvh v1.0.0/go.mod h1:A4IdDdYkX7zy0STS7KvNMGgQTpMOT3/aSJh8MkM4GLc=
github.com/downflux/go-database v0.0.0-20230104075009-8c700cf1f700 h1:K24jYDN6hnBEQUOW25QWgY7qsdQJZzTb0XRRFS0Y8kY=
github.com/downflux/go-database v0.0.0-20230104075009-8c700cf1f700/go.mod h1:GgparhC7kkqx5VPbyFjE8/zA7o2F/E8P8SR/GwXNs+s=
github.com/downflux/go-database v0.1.1 h1:+9Rk33t7XxVA3brAleCbwmdMSCR+xwo90bPucO8MfDI=
github.com/downflux/go-database v0.1.1/go.mod h1:GgparhC7kkqx5VPbyFjE8/zA7o2F/E8P8SR/GwXNs+s=
github.com/downflux/go-database v0.2.0 h1:Z+wQUnJ7RvWTzePhG4pTWEOpn+9o3pP9BMJjvvdI034=
github.com/downflux/go-database v0.2.0/go.mod h1:GgparhC7kkqx5VPbyFjE8/zA7o2F/E8P8SR/GwXNs+s=
github.com/downflux/go-database v0.2.1-0.20230104214926-ea7289b0bf27 h1:W2r8XmsQlQbxzaHzA3r8wOtBdYpZp9MbFxpLS0Q9PZ0=
github.com/downflux/go-database v0.2.1-0.20230104214926-ea7289b0bf27/go.mod h1:GgparhC7kkqx5VPbyFjE8/zA7o2F/E8P8SR/GwXNs+s=
github.com/downflux/go-database v0.3.0 h1:mecbYU9/u6B1ZsnKlAT0i/mqPz9/nvPEU5QmNz0LivM=
github.com/downflux/go-database v0.3.0/go.mod h1:GgparhC7kkqx5VPbyFjE8/zA7o2F/E8P8SR/GwXNs+s=
github.com/downflux/go-database v0.3.2 h1:LnXY4hRmdeH9oIjTschW9Z+MxGUFGOu5Sz+lX+CBfKA=
github.com/downflux/go-database v0.3.2/go.mod h1:GgparhC7kkqx5VPbyFjE8/zA7o2F/E8P8SR/GwXNs+s=
github.com/downflux/go-database v0.3.3 h1:VJis0vWeEbJ0MN/f/kowD0+RSyDajqVh3T2JbZjR0RU=
github.com/downflux/go-database v0.3.3/go.mod h1:GgparhC7kkqx5VPbyFjE8/zA7o2F/E8P8SR/GwXNs+s=
github.com/downflux/go-database v0.3.4 h1:MU0JwgdkK7lCTG7GGohBLOcCmErU6vh/Gyf+pZyTPY8=
github.com/downflux/go-database v0.3.4/go.mod h1:GgparhC7kkqx5VPbyFjE8/zA7o2F/E8P8SR/GwXNs+s=
github.com/downflux/go-database v0.3.5 h1:36TZFOI2vbHhGJGRe9MFtpmOco+OEA45glTyArVpzLc=
github.com/downflux/go-database v0.3.5/go.mod h1:GgparhC7kkqx5VPbyFjE8/zA7o2F/E8P8SR/GwXNs+s=
github.com/downflux/go-database v0.3.6 h1:XGOagUQ2AmPaPGvIREbyz2PjeFPS2dsMywDT1/OH2UE=
github.com/downflux/go-database v0.3.6/go.mod h1:GgparhC7kkqx5VPbyFjE8/zA7o2F/E8P8SR/GwXNs+s=
github.com/downflux/go-geometry v0.15.2 h1:opm0LgH8p6xIt9od3ZcDxf5HSHP/GOj937s5fUwI1cs=
github.com/downflux/go-geometry v0.15.2/go.mod h1:ZJcto0QwYRdoIbi5G4mh5y6v2xUS+d++/cANaO1F9+8=
github.com/downflux/go-geometry v0.15.3 h1:Kwr2tiozUQF/Q47pCZDRaPS+MPrV6KsC87Gm0J7p15w=
github.com/downflux/go-geometry v0.15.3/go.mod h1:ZJcto0QwYRdoIbi5G4mh5y6v2xUS+d++/cANaO1F9+8=
github.com/downflux/go-geometry v0.15.4 h1:COO+vw9M0fEoBIYrR1tY4nzWhnDNAnW1xIcf3TYKqJg=
github.com/downflux/go-geometry v0.15.4/go.mod h1:ZJcto0QwYRdoIbi5G4mh5y6v2xUS+d++/cANaO1F9+8=
github.com/downflux/go-pq v0.3.0 h1:oWLx7rzsD4fv1f2kp33NUq63CJVQvXZORkcpHr6bp9g=
github.com/downflux/go-pq v0.3.0/go.mod h1:vkc6UAQ+TBoNdTwDm5akDexE1auN2kQcR8BFw3hNCiM=
github.com/google/go-cmp v0.5.9 h1:O2Tfq5qg4qc4AmwVlvv0oLiVAGB7enBSJ2x2DqQFi38=
github.com/google/go-cmp v0.5.9/go.mod h1:17dUlkBOakJ0+DkrSSNjCkIjxS6bF9zb3elmeNGIjoY=
